// !$*UTF8*$!
{
	archiveVersion = 1;
	classes = {
	};
	objectVersion = 50;
	objects = {

/* Begin PBXBuildFile section */
		1BEA2729248A85E900A090C4 /* AppDelegate.swift in Sources */ = {isa = PBXBuildFile; fileRef = 1BEA2728248A85E900A090C4 /* AppDelegate.swift */; };
		1BEA272B248A85E900A090C4 /* SceneDelegate.swift in Sources */ = {isa = PBXBuildFile; fileRef = 1BEA272A248A85E900A090C4 /* SceneDelegate.swift */; };
		1BEA272D248A85E900A090C4 /* ViewController.swift in Sources */ = {isa = PBXBuildFile; fileRef = 1BEA272C248A85E900A090C4 /* ViewController.swift */; };
		1BEA2730248A85E900A090C4 /* Main.storyboard in Resources */ = {isa = PBXBuildFile; fileRef = 1BEA272E248A85E900A090C4 /* Main.storyboard */; };
		1BEA2732248A85EA00A090C4 /* Assets.xcassets in Resources */ = {isa = PBXBuildFile; fileRef = 1BEA2731248A85EA00A090C4 /* Assets.xcassets */; };
		1BEA2735248A85EA00A090C4 /* LaunchScreen.storyboard in Resources */ = {isa = PBXBuildFile; fileRef = 1BEA2733248A85EA00A090C4 /* LaunchScreen.storyboard */; };
		1BEA2740248A85EA00A090C4 /* ModalTests.swift in Sources */ = {isa = PBXBuildFile; fileRef = 1BEA273F248A85EA00A090C4 /* ModalTests.swift */; };
		1BEA274B248A85EA00A090C4 /* ModalUITests.swift in Sources */ = {isa = PBXBuildFile; fileRef = 1BEA274A248A85EA00A090C4 /* ModalUITests.swift */; };
		1BEA2759248BEEB400A090C4 /* NextViewController.swift in Sources */ = {isa = PBXBuildFile; fileRef = 1BEA2758248BEEB400A090C4 /* NextViewController.swift */; };
/* End PBXBuildFile section */

/* Begin PBXContainerItemProxy section */
		1BEA273C248A85EA00A090C4 /* PBXContainerItemProxy */ = {
			isa = PBXContainerItemProxy;
			containerPortal = 1BEA271D248A85E800A090C4 /* Project object */;
			proxyType = 1;
			remoteGlobalIDString = 1BEA2724248A85E800A090C4;
			remoteInfo = Modal;
		};
		1BEA2747248A85EA00A090C4 /* PBXContainerItemProxy */ = {
			isa = PBXContainerItemProxy;
			containerPortal = 1BEA271D248A85E800A090C4 /* Project object */;
			proxyType = 1;
			remoteGlobalIDString = 1BEA2724248A85E800A090C4;
			remoteInfo = Modal;
		};
/* End PBXContainerItemProxy section */

/* Begin PBXFileReference section */
		1BEA2725248A85E800A090C4 /* Modal.app */ = {isa = PBXFileReference; explicitFileType = wrapper.application; includeInIndex = 0; path = Modal.app; sourceTree = BUILT_PRODUCTS_DIR; };
		1BEA2728248A85E900A090C4 /* AppDelegate.swift */ = {isa = PBXFileReference; lastKnownFileType = sourcecode.swift; path = AppDelegate.swift; sourceTree = "<group>"; };
		1BEA272A248A85E900A090C4 /* SceneDelegate.swift */ = {isa = PBXFileReference; lastKnownFileType = sourcecode.swift; path = SceneDelegate.swift; sourceTree = "<group>"; };
		1BEA272C248A85E900A090C4 /* ViewController.swift */ = {isa = PBXFileReference; lastKnownFileType = sourcecode.swift; path = ViewController.swift; sourceTree = "<group>"; };
		1BEA272F248A85E900A090C4 /* Base */ = {isa = PBXFileReference; lastKnownFileType = file.storyboard; name = Base; path = Base.lproj/Main.storyboard; sourceTree = "<group>"; };
		1BEA2731248A85EA00A090C4 /* Assets.xcassets */ = {isa = PBXFileReference; lastKnownFileType = folder.assetcatalog; path = Assets.xcassets; sourceTree = "<group>"; };
		1BEA2734248A85EA00A090C4 /* Base */ = {isa = PBXFileReference; lastKnownFileType = file.storyboard; name = Base; path = Base.lproj/LaunchScreen.storyboard; sourceTree = "<group>"; };
		1BEA2736248A85EA00A090C4 /* Info.plist */ = {isa = PBXFileReference; lastKnownFileType = text.plist.xml; path = Info.plist; sourceTree = "<group>"; };
		1BEA273B248A85EA00A090C4 /* ModalTests.xctest */ = {isa = PBXFileReference; explicitFileType = wrapper.cfbundle; includeInIndex = 0; path = ModalTests.xctest; sourceTree = BUILT_PRODUCTS_DIR; };
		1BEA273F248A85EA00A090C4 /* ModalTests.swift */ = {isa = PBXFileReference; lastKnownFileType = sourcecode.swift; path = ModalTests.swift; sourceTree = "<group>"; };
		1BEA2741248A85EA00A090C4 /* Info.plist */ = {isa = PBXFileReference; lastKnownFileType = text.plist.xml; path = Info.plist; sourceTree = "<group>"; };
		1BEA2746248A85EA00A090C4 /* ModalUITests.xctest */ = {isa = PBXFileReference; explicitFileType = wrapper.cfbundle; includeInIndex = 0; path = ModalUITests.xctest; sourceTree = BUILT_PRODUCTS_DIR; };
		1BEA274A248A85EA00A090C4 /* ModalUITests.swift */ = {isa = PBXFileReference; lastKnownFileType = sourcecode.swift; path = ModalUITests.swift; sourceTree = "<group>"; };
		1BEA274C248A85EA00A090C4 /* Info.plist */ = {isa = PBXFileReference; lastKnownFileType = text.plist.xml; path = Info.plist; sourceTree = "<group>"; };
		1BEA2758248BEEB400A090C4 /* NextViewController.swift */ = {isa = PBXFileReference; lastKnownFileType = sourcecode.swift; path = NextViewController.swift; sourceTree = "<group>"; };
/* End PBXFileReference section */

/* Begin PBXFrameworksBuildPhase section */
		1BEA2722248A85E800A090C4 /* Frameworks */ = {
			isa = PBXFrameworksBuildPhase;
			buildActionMask = 2147483647;
			files = (
			);
			runOnlyForDeploymentPostprocessing = 0;
		};
		1BEA2738248A85EA00A090C4 /* Frameworks */ = {
			isa = PBXFrameworksBuildPhase;
			buildActionMask = 2147483647;
			files = (
			);
			runOnlyForDeploymentPostprocessing = 0;
		};
		1BEA2743248A85EA00A090C4 /* Frameworks */ = {
			isa = PBXFrameworksBuildPhase;
			buildActionMask = 2147483647;
			files = (
			);
			runOnlyForDeploymentPostprocessing = 0;
		};
/* End PBXFrameworksBuildPhase section */

/* Begin PBXGroup section */
		1BEA271C248A85E800A090C4 = {
			isa = PBXGroup;
			children = (
				1BEA2727248A85E900A090C4 /* Modal */,
				1BEA273E248A85EA00A090C4 /* ModalTests */,
				1BEA2749248A85EA00A090C4 /* ModalUITests */,
				1BEA2726248A85E800A090C4 /* Products */,
			);
			sourceTree = "<group>";
		};
		1BEA2726248A85E800A090C4 /* Products */ = {
			isa = PBXGroup;
			children = (
				1BEA2725248A85E800A090C4 /* Modal.app */,
				1BEA273B248A85EA00A090C4 /* ModalTests.xctest */,
				1BEA2746248A85EA00A090C4 /* ModalUITests.xctest */,
			);
			name = Products;
			sourceTree = "<group>";
		};
		1BEA2727248A85E900A090C4 /* Modal */ = {
			isa = PBXGroup;
			children = (
				1BEA2728248A85E900A090C4 /* AppDelegate.swift */,
				1BEA272A248A85E900A090C4 /* SceneDelegate.swift */,
				1BEA272C248A85E900A090C4 /* ViewController.swift */,
				1BEA2758248BEEB400A090C4 /* NextViewController.swift */,
				1BEA272E248A85E900A090C4 /* Main.storyboard */,
				1BEA2731248A85EA00A090C4 /* Assets.xcassets */,
				1BEA2733248A85EA00A090C4 /* LaunchScreen.storyboard */,
				1BEA2736248A85EA00A090C4 /* Info.plist */,
			);
			path = Modal;
			sourceTree = "<group>";
		};
		1BEA273E248A85EA00A090C4 /* ModalTests */ = {
			isa = PBXGroup;
			children = (
				1BEA273F248A85EA00A090C4 /* ModalTests.swift */,
				1BEA2741248A85EA00A090C4 /* Info.plist */,
			);
			path = ModalTests;
			sourceTree = "<group>";
		};
		1BEA2749248A85EA00A090C4 /* ModalUITests */ = {
			isa = PBXGroup;
			children = (
				1BEA274A248A85EA00A090C4 /* ModalUITests.swift */,
				1BEA274C248A85EA00A090C4 /* Info.plist */,
			);
			path = ModalUITests;
			sourceTree = "<group>";
		};
/* End PBXGroup section */

/* Begin PBXNativeTarget section */
		1BEA2724248A85E800A090C4 /* Modal */ = {
			isa = PBXNativeTarget;
			buildConfigurationList = 1BEA274F248A85EA00A090C4 /* Build configuration list for PBXNativeTarget "Modal" */;
			buildPhases = (
				1BEA2721248A85E800A090C4 /* Sources */,
				1BEA2722248A85E800A090C4 /* Frameworks */,
				1BEA2723248A85E800A090C4 /* Resources */,
			);
			buildRules = (
			);
			dependencies = (
			);
			name = Modal;
			productName = Modal;
			productReference = 1BEA2725248A85E800A090C4 /* Modal.app */;
			productType = "com.apple.product-type.application";
		};
		1BEA273A248A85EA00A090C4 /* ModalTests */ = {
			isa = PBXNativeTarget;
			buildConfigurationList = 1BEA2752248A85EA00A090C4 /* Build configuration list for PBXNativeTarget "ModalTests" */;
			buildPhases = (
				1BEA2737248A85EA00A090C4 /* Sources */,
				1BEA2738248A85EA00A090C4 /* Frameworks */,
				1BEA2739248A85EA00A090C4 /* Resources */,
			);
			buildRules = (
			);
			dependencies = (
				1BEA273D248A85EA00A090C4 /* PBXTargetDependency */,
			);
			name = ModalTests;
			productName = ModalTests;
			productReference = 1BEA273B248A85EA00A090C4 /* ModalTests.xctest */;
			productType = "com.apple.product-type.bundle.unit-test";
		};
		1BEA2745248A85EA00A090C4 /* ModalUITests */ = {
			isa = PBXNativeTarget;
			buildConfigurationList = 1BEA2755248A85EA00A090C4 /* Build configuration list for PBXNativeTarget "ModalUITests" */;
			buildPhases = (
				1BEA2742248A85EA00A090C4 /* Sources */,
				1BEA2743248A85EA00A090C4 /* Frameworks */,
				1BEA2744248A85EA00A090C4 /* Resources */,
			);
			buildRules = (
			);
			dependencies = (
				1BEA2748248A85EA00A090C4 /* PBXTargetDependency */,
			);
			name = ModalUITests;
			productName = ModalUITests;
			productReference = 1BEA2746248A85EA00A090C4 /* ModalUITests.xctest */;
			productType = "com.apple.product-type.bundle.ui-testing";
		};
/* End PBXNativeTarget section */

/* Begin PBXProject section */
		1BEA271D248A85E800A090C4 /* Project object */ = {
			isa = PBXProject;
			attributes = {
				LastSwiftUpdateCheck = 1150;
				LastUpgradeCheck = 1150;
				ORGANIZATIONNAME = "高野隆正";
				TargetAttributes = {
					1BEA2724248A85E800A090C4 = {
						CreatedOnToolsVersion = 11.5;
					};
					1BEA273A248A85EA00A090C4 = {
						CreatedOnToolsVersion = 11.5;
						TestTargetID = 1BEA2724248A85E800A090C4;
					};
					1BEA2745248A85EA00A090C4 = {
						CreatedOnToolsVersion = 11.5;
						TestTargetID = 1BEA2724248A85E800A090C4;
					};
				};
			};
			buildConfigurationList = 1BEA2720248A85E800A090C4 /* Build configuration list for PBXProject "Modal" */;
			compatibilityVersion = "Xcode 9.3";
			developmentRegion = en;
			hasScannedForEncodings = 0;
			knownRegions = (
				en,
				Base,
			);
			mainGroup = 1BEA271C248A85E800A090C4;
			productRefGroup = 1BEA2726248A85E800A090C4 /* Products */;
			projectDirPath = "";
			projectRoot = "";
			targets = (
				1BEA2724248A85E800A090C4 /* Modal */,
				1BEA273A248A85EA00A090C4 /* ModalTests */,
				1BEA2745248A85EA00A090C4 /* ModalUITests */,
			);
		};
/* End PBXProject section */

/* Begin PBXResourcesBuildPhase section */
		1BEA2723248A85E800A090C4 /* Resources */ = {
			isa = PBXResourcesBuildPhase;
			buildActionMask = 2147483647;
			files = (
				1BEA2735248A85EA00A090C4 /* LaunchScreen.storyboard in Resources */,
				1BEA2732248A85EA00A090C4 /* Assets.xcassets in Resources */,
				1BEA2730248A85E900A090C4 /* Main.storyboard in Resources */,
			);
			runOnlyForDeploymentPostprocessing = 0;
		};
		1BEA2739248A85EA00A090C4 /* Resources */ = {
			isa = PBXResourcesBuildPhase;
			buildActionMask = 2147483647;
			files = (
			);
			runOnlyForDeploymentPostprocessing = 0;
		};
		1BEA2744248A85EA00A090C4 /* Resources */ = {
			isa = PBXResourcesBuildPhase;
			buildActionMask = 2147483647;
			files = (
			);
			runOnlyForDeploymentPostprocessing = 0;
		};
/* End PBXResourcesBuildPhase section */

/* Begin PBXSourcesBuildPhase section */
		1BEA2721248A85E800A090C4 /* Sources */ = {
			isa = PBXSourcesBuildPhase;
			buildActionMask = 2147483647;
			files = (
				1BEA272D248A85E900A090C4 /* ViewController.swift in Sources */,
				1BEA2759248BEEB400A090C4 /* NextViewController.swift in Sources */,
				1BEA2729248A85E900A090C4 /* AppDelegate.swift in Sources */,
				1BEA272B248A85E900A090C4 /* SceneDelegate.swift in Sources */,
			);
			runOnlyForDeploymentPostprocessing = 0;
		};
		1BEA2737248A85EA00A090C4 /* Sources */ = {
			isa = PBXSourcesBuildPhase;
			buildActionMask = 2147483647;
			files = (
				1BEA2740248A85EA00A090C4 /* ModalTests.swift in Sources */,
			);
			runOnlyForDeploymentPostprocessing = 0;
		};
		1BEA2742248A85EA00A090C4 /* Sources */ = {
			isa = PBXSourcesBuildPhase;
			buildActionMask = 2147483647;
			files = (
				1BEA274B248A85EA00A090C4 /* ModalUITests.swift in Sources */,
			);
			runOnlyForDeploymentPostprocessing = 0;
		};
/* End PBXSourcesBuildPhase section */

/* Begin PBXTargetDependency section */
		1BEA273D248A85EA00A090C4 /* PBXTargetDependency */ = {
			isa = PBXTargetDependency;
			target = 1BEA2724248A85E800A090C4 /* Modal */;
			targetProxy = 1BEA273C248A85EA00A090C4 /* PBXContainerItemProxy */;
		};
		1BEA2748248A85EA00A090C4 /* PBXTargetDependency */ = {
			isa = PBXTargetDependency;
			target = 1BEA2724248A85E800A090C4 /* Modal */;
			targetProxy = 1BEA2747248A85EA00A090C4 /* PBXContainerItemProxy */;
		};
/* End PBXTargetDependency section */

/* Begin PBXVariantGroup section */
		1BEA272E248A85E900A090C4 /* Main.storyboard */ = {
			isa = PBXVariantGroup;
			children = (
				1BEA272F248A85E900A090C4 /* Base */,
			);
			name = Main.storyboard;
			sourceTree = "<group>";
		};
		1BEA2733248A85EA00A090C4 /* LaunchScreen.storyboard */ = {
			isa = PBXVariantGroup;
			children = (
				1BEA2734248A85EA00A090C4 /* Base */,
			);
			name = LaunchScreen.storyboard;
			sourceTree = "<group>";
		};
/* End PBXVariantGroup section */

/* Begin XCBuildConfiguration section */
		1BEA274D248A85EA00A090C4 /* Debug */ = {
			isa = XCBuildConfiguration;
			buildSettings = {
				ALWAYS_SEARCH_USER_PATHS = NO;
				CLANG_ANALYZER_NONNULL = YES;
				CLANG_ANALYZER_NUMBER_OBJECT_CONVERSION = YES_AGGRESSIVE;
				CLANG_CXX_LANGUAGE_STANDARD = "gnu++14";
				CLANG_CXX_LIBRARY = "libc++";
				CLANG_ENABLE_MODULES = YES;
				CLANG_ENABLE_OBJC_ARC = YES;
				CLANG_ENABLE_OBJC_WEAK = YES;
				CLANG_WARN_BLOCK_CAPTURE_AUTORELEASING = YES;
				CLANG_WARN_BOOL_CONVERSION = YES;
				CLANG_WARN_COMMA = YES;
				CLANG_WARN_CONSTANT_CONVERSION = YES;
				CLANG_WARN_DEPRECATED_OBJC_IMPLEMENTATIONS = YES;
				CLANG_WARN_DIRECT_OBJC_ISA_USAGE = YES_ERROR;
				CLANG_WARN_DOCUMENTATION_COMMENTS = YES;
				CLANG_WARN_EMPTY_BODY = YES;
				CLANG_WARN_ENUM_CONVERSION = YES;
				CLANG_WARN_INFINITE_RECURSION = YES;
				CLANG_WARN_INT_CONVERSION = YES;
				CLANG_WARN_NON_LITERAL_NULL_CONVERSION = YES;
				CLANG_WARN_OBJC_IMPLICIT_RETAIN_SELF = YES;
				CLANG_WARN_OBJC_LITERAL_CONVERSION = YES;
				CLANG_WARN_OBJC_ROOT_CLASS = YES_ERROR;
				CLANG_WARN_RANGE_LOOP_ANALYSIS = YES;
				CLANG_WARN_STRICT_PROTOTYPES = YES;
				CLANG_WARN_SUSPICIOUS_MOVE = YES;
				CLANG_WARN_UNGUARDED_AVAILABILITY = YES_AGGRESSIVE;
				CLANG_WARN_UNREACHABLE_CODE = YES;
				CLANG_WARN__DUPLICATE_METHOD_MATCH = YES;
				COPY_PHASE_STRIP = NO;
				DEBUG_INFORMATION_FORMAT = dwarf;
				ENABLE_STRICT_OBJC_MSGSEND = YES;
				ENABLE_TESTABILITY = YES;
				GCC_C_LANGUAGE_STANDARD = gnu11;
				GCC_DYNAMIC_NO_PIC = NO;
				GCC_NO_COMMON_BLOCKS = YES;
				GCC_OPTIMIZATION_LEVEL = 0;
				GCC_PREPROCESSOR_DEFINITIONS = (
					"DEBUG=1",
					"$(inherited)",
				);
				GCC_WARN_64_TO_32_BIT_CONVERSION = YES;
				GCC_WARN_ABOUT_RETURN_TYPE = YES_ERROR;
				GCC_WARN_UNDECLARED_SELECTOR = YES;
				GCC_WARN_UNINITIALIZED_AUTOS = YES_AGGRESSIVE;
				GCC_WARN_UNUSED_FUNCTION = YES;
				GCC_WARN_UNUSED_VARIABLE = YES;
				IPHONEOS_DEPLOYMENT_TARGET = 13.5;
				MTL_ENABLE_DEBUG_INFO = INCLUDE_SOURCE;
				MTL_FAST_MATH = YES;
				ONLY_ACTIVE_ARCH = YES;
				SDKROOT = iphoneos;
				SWIFT_ACTIVE_COMPILATION_CONDITIONS = DEBUG;
				SWIFT_OPTIMIZATION_LEVEL = "-Onone";
			};
			name = Debug;
		};
		1BEA274E248A85EA00A090C4 /* Release */ = {
			isa = XCBuildConfiguration;
			buildSettings = {
				ALWAYS_SEARCH_USER_PATHS = NO;
				CLANG_ANALYZER_NONNULL = YES;
				CLANG_ANALYZER_NUMBER_OBJECT_CONVERSION = YES_AGGRESSIVE;
				CLANG_CXX_LANGUAGE_STANDARD = "gnu++14";
				CLANG_CXX_LIBRARY = "libc++";
				CLANG_ENABLE_MODULES = YES;
				CLANG_ENABLE_OBJC_ARC = YES;
				CLANG_ENABLE_OBJC_WEAK = YES;
				CLANG_WARN_BLOCK_CAPTURE_AUTORELEASING = YES;
				CLANG_WARN_BOOL_CONVERSION = YES;
				CLANG_WARN_COMMA = YES;
				CLANG_WARN_CONSTANT_CONVERSION = YES;
				CLANG_WARN_DEPRECATED_OBJC_IMPLEMENTATIONS = YES;
				CLANG_WARN_DIRECT_OBJC_ISA_USAGE = YES_ERROR;
				CLANG_WARN_DOCUMENTATION_COMMENTS = YES;
				CLANG_WARN_EMPTY_BODY = YES;
				CLANG_WARN_ENUM_CONVERSION = YES;
				CLANG_WARN_INFINITE_RECURSION = YES;
				CLANG_WARN_INT_CONVERSION = YES;
				CLANG_WARN_NON_LITERAL_NULL_CONVERSION = YES;
				CLANG_WARN_OBJC_IMPLICIT_RETAIN_SELF = YES;
				CLANG_WARN_OBJC_LITERAL_CONVERSION = YES;
				CLANG_WARN_OBJC_ROOT_CLASS = YES_ERROR;
				CLANG_WARN_RANGE_LOOP_ANALYSIS = YES;
				CLANG_WARN_STRICT_PROTOTYPES = YES;
				CLANG_WARN_SUSPICIOUS_MOVE = YES;
				CLANG_WARN_UNGUARDED_AVAILABILITY = YES_AGGRESSIVE;
				CLANG_WARN_UNREACHABLE_CODE = YES;
				CLANG_WARN__DUPLICATE_METHOD_MATCH = YES;
				COPY_PHASE_STRIP = NO;
				DEBUG_INFORMATION_FORMAT = "dwarf-with-dsym";
				ENABLE_NS_ASSERTIONS = NO;
				ENABLE_STRICT_OBJC_MSGSEND = YES;
				GCC_C_LANGUAGE_STANDARD = gnu11;
				GCC_NO_COMMON_BLOCKS = YES;
				GCC_WARN_64_TO_32_BIT_CONVERSION = YES;
				GCC_WARN_ABOUT_RETURN_TYPE = YES_ERROR;
				GCC_WARN_UNDECLARED_SELECTOR = YES;
				GCC_WARN_UNINITIALIZED_AUTOS = YES_AGGRESSIVE;
				GCC_WARN_UNUSED_FUNCTION = YES;
				GCC_WARN_UNUSED_VARIABLE = YES;
				IPHONEOS_DEPLOYMENT_TARGET = 13.5;
				MTL_ENABLE_DEBUG_INFO = NO;
				MTL_FAST_MATH = YES;
				SDKROOT = iphoneos;
				SWIFT_COMPILATION_MODE = wholemodule;
				SWIFT_OPTIMIZATION_LEVEL = "-O";
				VALIDATE_PRODUCT = YES;
			};
			name = Release;
		};
		1BEA2750248A85EA00A090C4 /* Debug */ = {
			isa = XCBuildConfiguration;
			buildSettings = {
				ASSETCATALOG_COMPILER_APPICON_NAME = AppIcon;
				CODE_SIGN_STYLE = Automatic;
				DEVELOPMENT_TEAM = 7B7GXBVG2Q;
				INFOPLIST_FILE = Modal/Info.plist;
				LD_RUNPATH_SEARCH_PATHS = (
					"$(inherited)",
					"@executable_path/Frameworks",
				);
				PRODUCT_BUNDLE_IDENTIFIER = com.sai.Modal;
				PRODUCT_NAME = "$(TARGET_NAME)";
				SWIFT_VERSION = 5.0;
				TARGETED_DEVICE_FAMILY = "1,2";
			};
			name = Debug;
		};
		1BEA2751248A85EA00A090C4 /* Release */ = {
			isa = XCBuildConfiguration;
			buildSettings = {
				ASSETCATALOG_COMPILER_APPICON_NAME = AppIcon;
				CODE_SIGN_STYLE = Automatic;
				DEVELOPMENT_TEAM = 7B7GXBVG2Q;
				INFOPLIST_FILE = Modal/Info.plist;
				LD_RUNPATH_SEARCH_PATHS = (
					"$(inherited)",
					"@executable_path/Frameworks",
				);
				PRODUCT_BUNDLE_IDENTIFIER = com.sai.Modal;
				PRODUCT_NAME = "$(TARGET_NAME)";
				SWIFT_VERSION = 5.0;
				TARGETED_DEVICE_FAMILY = "1,2";
			};
			name = Release;
		};
		1BEA2753248A85EA00A090C4 /* Debug */ = {
			isa = XCBuildConfiguration;
			buildSettings = {
				ALWAYS_EMBED_SWIFT_STANDARD_LIBRARIES = YES;
				BUNDLE_LOADER = "$(TEST_HOST)";
				CODE_SIGN_STYLE = Automatic;
				DEVELOPMENT_TEAM = 7B7GXBVG2Q;
				INFOPLIST_FILE = ModalTests/Info.plist;
				IPHONEOS_DEPLOYMENT_TARGET = 13.5;
				LD_RUNPATH_SEARCH_PATHS = (
					"$(inherited)",
					"@executable_path/Frameworks",
					"@loader_path/Frameworks",
				);
				PRODUCT_BUNDLE_IDENTIFIER = com.sai.ModalTests;
				PRODUCT_NAME = "$(TARGET_NAME)";
				SWIFT_VERSION = 5.0;
				TARGETED_DEVICE_FAMILY = "1,2";
				TEST_HOST = "$(BUILT_PRODUCTS_DIR)/Modal.app/Modal";
			};
			name = Debug;
		};
		1BEA2754248A85EA00A090C4 /* Release */ = {
			isa = XCBuildConfiguration;
			buildSettings = {
				ALWAYS_EMBED_SWIFT_STANDARD_LIBRARIES = YES;
				BUNDLE_LOADER = "$(TEST_HOST)";
				CODE_SIGN_STYLE = Automatic;
				DEVELOPMENT_TEAM = 7B7GXBVG2Q;
				INFOPLIST_FILE = ModalTests/Info.plist;
				IPHONEOS_DEPLOYMENT_TARGET = 13.5;
				LD_RUNPATH_SEARCH_PATHS = (
					"$(inherited)",
					"@executable_path/Frameworks",
					"@loader_path/Frameworks",
				);
				PRODUCT_BUNDLE_IDENTIFIER = com.sai.ModalTests;
				PRODUCT_NAME = "$(TARGET_NAME)";
				SWIFT_VERSION = 5.0;
				TARGETED_DEVICE_FAMILY = "1,2";
				TEST_HOST = "$(BUILT_PRODUCTS_DIR)/Modal.app/Modal";
			};
			name = Release;
		};
		1BEA2756248A85EA00A090C4 /* Debug */ = {
			isa = XCBuildConfiguration;
			buildSettings = {
				ALWAYS_EMBED_SWIFT_STANDARD_LIBRARIES = YES;
				CODE_SIGN_STYLE = Automatic;
				DEVELOPMENT_TEAM = 7B7GXBVG2Q;
				INFOPLIST_FILE = ModalUITests/Info.plist;
				LD_RUNPATH_SEARCH_PATHS = (
					"$(inherited)",
					"@executable_path/Frameworks",
					"@loader_path/Frameworks",
				);
				PRODUCT_BUNDLE_IDENTIFIER = com.sai.ModalUITests;
				PRODUCT_NAME = "$(TARGET_NAME)";
				SWIFT_VERSION = 5.0;
				TARGETED_DEVICE_FAMILY = "1,2";
				TEST_TARGET_NAME = Modal;
			};
			name = Debug;
		};
		1BEA2757248A85EA00A090C4 /* Release */ = {
			isa = XCBuildConfiguration;
			buildSettings = {
				ALWAYS_EMBED_SWIFT_STANDARD_LIBRARIES = YES;
				CODE_SIGN_STYLE = Automatic;
				DEVELOPMENT_TEAM = 7B7GXBVG2Q;
				INFOPLIST_FILE = ModalUITests/Info.plist;
				LD_RUNPATH_SEARCH_PATHS = (
					"$(inherited)",
					"@executable_path/Frameworks",
					"@loader_path/Frameworks",
				);
				PRODUCT_BUNDLE_IDENTIFIER = com.sai.ModalUITests;
				PRODUCT_NAME = "$(TARGET_NAME)";
				SWIFT_VERSION = 5.0;
				TARGETED_DEVICE_FAMILY = "1,2";
				TEST_TARGET_NAME = Modal;
			};
			name = Release;
		};
/* End XCBuildConfiguration section */

/* Begin XCConfigurationList section */
		1BEA2720248A85E800A090C4 /* Build configuration list for PBXProject "Modal" */ = {
			isa = XCConfigurationList;
			buildConfigurations = (
				1BEA274D248A85EA00A090C4 /* Debug */,
				1BEA274E248A85EA00A090C4 /* Release */,
			);
			defaultConfigurationIsVisible = 0;
			defaultConfigurationName = Release;
		};
		1BEA274F248A85EA00A090C4 /* Build configuration list for PBXNativeTarget "Modal" */ = {
			isa = XCConfigurationList;
			buildConfigurations = (
				1BEA2750248A85EA00A090C4 /* Debug */,
				1BEA2751248A85EA00A090C4 /* Release */,
			);
			defaultConfigurationIsVisible = 0;
			defaultConfigurationName = Release;
		};
		1BEA2752248A85EA00A090C4 /* Build configuration list for PBXNativeTarget "ModalTests" */ = {
			isa = XCConfigurationList;
			buildConfigurations = (
				1BEA2753248A85EA00A090C4 /* Debug */,
				1BEA2754248A85EA00A090C4 /* Release */,
			);
			defaultConfigurationIsVisible = 0;
			defaultConfigurationName = Release;
		};
		1BEA2755248A85EA00A090C4 /* Build configuration list for PBXNativeTarget "ModalUITests" */ = {
			isa = XCConfigurationList;
			buildConfigurations = (
				1BEA2756248A85EA00A090C4 /* Debug */,
				1BEA2757248A85EA00A090C4 /* Release */,
			);
			defaultConfigurationIsVisible = 0;
			defaultConfigurationName = Release;
		};
/* End XCConfigurationList section */
	};
	rootObject = 1BEA271D248A85E800A090C4 /* Project object */;
}
