// !$*UTF8*$!
{
	archiveVersion = 1;
	classes = {
	};
	objectVersion = 50;
	objects = {

/* Begin PBXBuildFile section */
		1BEA281D248D486E00A090C4 /* AppDelegate.swift in Sources */ = {isa = PBXBuildFile; fileRef = 1BEA281C248D486E00A090C4 /* AppDelegate.swift */; };
		1BEA281F248D486E00A090C4 /* SceneDelegate.swift in Sources */ = {isa = PBXBuildFile; fileRef = 1BEA281E248D486E00A090C4 /* SceneDelegate.swift */; };
		1BEA2821248D486E00A090C4 /* ViewController.swift in Sources */ = {isa = PBXBuildFile; fileRef = 1BEA2820248D486E00A090C4 /* ViewController.swift */; };
		1BEA2824248D486E00A090C4 /* Main.storyboard in Resources */ = {isa = PBXBuildFile; fileRef = 1BEA2822248D486E00A090C4 /* Main.storyboard */; };
		1BEA2826248D486F00A090C4 /* Assets.xcassets in Resources */ = {isa = PBXBuildFile; fileRef = 1BEA2825248D486F00A090C4 /* Assets.xcassets */; };
		1BEA2829248D486F00A090C4 /* LaunchScreen.storyboard in Resources */ = {isa = PBXBuildFile; fileRef = 1BEA2827248D486F00A090C4 /* LaunchScreen.storyboard */; };
		1BEA2834248D486F00A090C4 /* ProtocolBasicTests.swift in Sources */ = {isa = PBXBuildFile; fileRef = 1BEA2833248D486F00A090C4 /* ProtocolBasicTests.swift */; };
		1BEA283F248D486F00A090C4 /* ProtocolBasicUITests.swift in Sources */ = {isa = PBXBuildFile; fileRef = 1BEA283E248D486F00A090C4 /* ProtocolBasicUITests.swift */; };
		1BEA284D248D491800A090C4 /* NextViewController.swift in Sources */ = {isa = PBXBuildFile; fileRef = 1BEA284C248D491800A090C4 /* NextViewController.swift */; };
/* End PBXBuildFile section */

/* Begin PBXContainerItemProxy section */
		1BEA2830248D486F00A090C4 /* PBXContainerItemProxy */ = {
			isa = PBXContainerItemProxy;
			containerPortal = 1BEA2811248D486E00A090C4 /* Project object */;
			proxyType = 1;
			remoteGlobalIDString = 1BEA2818248D486E00A090C4;
			remoteInfo = ProtocolBasic;
		};
		1BEA283B248D486F00A090C4 /* PBXContainerItemProxy */ = {
			isa = PBXContainerItemProxy;
			containerPortal = 1BEA2811248D486E00A090C4 /* Project object */;
			proxyType = 1;
			remoteGlobalIDString = 1BEA2818248D486E00A090C4;
			remoteInfo = ProtocolBasic;
		};
/* End PBXContainerItemProxy section */

/* Begin PBXFileReference section */
		1BEA2819248D486E00A090C4 /* ProtocolBasic.app */ = {isa = PBXFileReference; explicitFileType = wrapper.application; includeInIndex = 0; path = ProtocolBasic.app; sourceTree = BUILT_PRODUCTS_DIR; };
		1BEA281C248D486E00A090C4 /* AppDelegate.swift */ = {isa = PBXFileReference; lastKnownFileType = sourcecode.swift; path = AppDelegate.swift; sourceTree = "<group>"; };
		1BEA281E248D486E00A090C4 /* SceneDelegate.swift */ = {isa = PBXFileReference; lastKnownFileType = sourcecode.swift; path = SceneDelegate.swift; sourceTree = "<group>"; };
		1BEA2820248D486E00A090C4 /* ViewController.swift */ = {isa = PBXFileReference; lastKnownFileType = sourcecode.swift; path = ViewController.swift; sourceTree = "<group>"; };
		1BEA2823248D486E00A090C4 /* Base */ = {isa = PBXFileReference; lastKnownFileType = file.storyboard; name = Base; path = Base.lproj/Main.storyboard; sourceTree = "<group>"; };
		1BEA2825248D486F00A090C4 /* Assets.xcassets */ = {isa = PBXFileReference; lastKnownFileType = folder.assetcatalog; path = Assets.xcassets; sourceTree = "<group>"; };
		1BEA2828248D486F00A090C4 /* Base */ = {isa = PBXFileReference; lastKnownFileType = file.storyboard; name = Base; path = Base.lproj/LaunchScreen.storyboard; sourceTree = "<group>"; };
		1BEA282A248D486F00A090C4 /* Info.plist */ = {isa = PBXFileReference; lastKnownFileType = text.plist.xml; path = Info.plist; sourceTree = "<group>"; };
		1BEA282F248D486F00A090C4 /* ProtocolBasicTests.xctest */ = {isa = PBXFileReference; explicitFileType = wrapper.cfbundle; includeInIndex = 0; path = ProtocolBasicTests.xctest; sourceTree = BUILT_PRODUCTS_DIR; };
		1BEA2833248D486F00A090C4 /* ProtocolBasicTests.swift */ = {isa = PBXFileReference; lastKnownFileType = sourcecode.swift; path = ProtocolBasicTests.swift; sourceTree = "<group>"; };
		1BEA2835248D486F00A090C4 /* Info.plist */ = {isa = PBXFileReference; lastKnownFileType = text.plist.xml; path = Info.plist; sourceTree = "<group>"; };
		1BEA283A248D486F00A090C4 /* ProtocolBasicUITests.xctest */ = {isa = PBXFileReference; explicitFileType = wrapper.cfbundle; includeInIndex = 0; path = ProtocolBasicUITests.xctest; sourceTree = BUILT_PRODUCTS_DIR; };
		1BEA283E248D486F00A090C4 /* ProtocolBasicUITests.swift */ = {isa = PBXFileReference; lastKnownFileType = sourcecode.swift; path = ProtocolBasicUITests.swift; sourceTree = "<group>"; };
		1BEA2840248D486F00A090C4 /* Info.plist */ = {isa = PBXFileReference; lastKnownFileType = text.plist.xml; path = Info.plist; sourceTree = "<group>"; };
		1BEA284C248D491800A090C4 /* NextViewController.swift */ = {isa = PBXFileReference; lastKnownFileType = sourcecode.swift; path = NextViewController.swift; sourceTree = "<group>"; };
/* End PBXFileReference section */

/* Begin PBXFrameworksBuildPhase section */
		1BEA2816248D486E00A090C4 /* Frameworks */ = {
			isa = PBXFrameworksBuildPhase;
			buildActionMask = 2147483647;
			files = (
			);
			runOnlyForDeploymentPostprocessing = 0;
		};
		1BEA282C248D486F00A090C4 /* Frameworks */ = {
			isa = PBXFrameworksBuildPhase;
			buildActionMask = 2147483647;
			files = (
			);
			runOnlyForDeploymentPostprocessing = 0;
		};
		1BEA2837248D486F00A090C4 /* Frameworks */ = {
			isa = PBXFrameworksBuildPhase;
			buildActionMask = 2147483647;
			files = (
			);
			runOnlyForDeploymentPostprocessing = 0;
		};
/* End PBXFrameworksBuildPhase section */

/* Begin PBXGroup section */
		1BEA2810248D486E00A090C4 = {
			isa = PBXGroup;
			children = (
				1BEA281B248D486E00A090C4 /* ProtocolBasic */,
				1BEA2832248D486F00A090C4 /* ProtocolBasicTests */,
				1BEA283D248D486F00A090C4 /* ProtocolBasicUITests */,
				1BEA281A248D486E00A090C4 /* Products */,
			);
			sourceTree = "<group>";
		};
		1BEA281A248D486E00A090C4 /* Products */ = {
			isa = PBXGroup;
			children = (
				1BEA2819248D486E00A090C4 /* ProtocolBasic.app */,
				1BEA282F248D486F00A090C4 /* ProtocolBasicTests.xctest */,
				1BEA283A248D486F00A090C4 /* ProtocolBasicUITests.xctest */,
			);
			name = Products;
			sourceTree = "<group>";
		};
		1BEA281B248D486E00A090C4 /* ProtocolBasic */ = {
			isa = PBXGroup;
			children = (
				1BEA281C248D486E00A090C4 /* AppDelegate.swift */,
				1BEA281E248D486E00A090C4 /* SceneDelegate.swift */,
				1BEA2820248D486E00A090C4 /* ViewController.swift */,
				1BEA284C248D491800A090C4 /* NextViewController.swift */,
				1BEA2822248D486E00A090C4 /* Main.storyboard */,
				1BEA2825248D486F00A090C4 /* Assets.xcassets */,
				1BEA2827248D486F00A090C4 /* LaunchScreen.storyboard */,
				1BEA282A248D486F00A090C4 /* Info.plist */,
			);
			path = ProtocolBasic;
			sourceTree = "<group>";
		};
		1BEA2832248D486F00A090C4 /* ProtocolBasicTests */ = {
			isa = PBXGroup;
			children = (
				1BEA2833248D486F00A090C4 /* ProtocolBasicTests.swift */,
				1BEA2835248D486F00A090C4 /* Info.plist */,
			);
			path = ProtocolBasicTests;
			sourceTree = "<group>";
		};
		1BEA283D248D486F00A090C4 /* ProtocolBasicUITests */ = {
			isa = PBXGroup;
			children = (
				1BEA283E248D486F00A090C4 /* ProtocolBasicUITests.swift */,
				1BEA2840248D486F00A090C4 /* Info.plist */,
			);
			path = ProtocolBasicUITests;
			sourceTree = "<group>";
		};
/* End PBXGroup section */

/* Begin PBXNativeTarget section */
		1BEA2818248D486E00A090C4 /* ProtocolBasic */ = {
			isa = PBXNativeTarget;
			buildConfigurationList = 1BEA2843248D486F00A090C4 /* Build configuration list for PBXNativeTarget "ProtocolBasic" */;
			buildPhases = (
				1BEA2815248D486E00A090C4 /* Sources */,
				1BEA2816248D486E00A090C4 /* Frameworks */,
				1BEA2817248D486E00A090C4 /* Resources */,
			);
			buildRules = (
			);
			dependencies = (
			);
			name = ProtocolBasic;
			productName = ProtocolBasic;
			productReference = 1BEA2819248D486E00A090C4 /* ProtocolBasic.app */;
			productType = "com.apple.product-type.application";
		};
		1BEA282E248D486F00A090C4 /* ProtocolBasicTests */ = {
			isa = PBXNativeTarget;
			buildConfigurationList = 1BEA2846248D486F00A090C4 /* Build configuration list for PBXNativeTarget "ProtocolBasicTests" */;
			buildPhases = (
				1BEA282B248D486F00A090C4 /* Sources */,
				1BEA282C248D486F00A090C4 /* Frameworks */,
				1BEA282D248D486F00A090C4 /* Resources */,
			);
			buildRules = (
			);
			dependencies = (
				1BEA2831248D486F00A090C4 /* PBXTargetDependency */,
			);
			name = ProtocolBasicTests;
			productName = ProtocolBasicTests;
			productReference = 1BEA282F248D486F00A090C4 /* ProtocolBasicTests.xctest */;
			productType = "com.apple.product-type.bundle.unit-test";
		};
		1BEA2839248D486F00A090C4 /* ProtocolBasicUITests */ = {
			isa = PBXNativeTarget;
			buildConfigurationList = 1BEA2849248D486F00A090C4 /* Build configuration list for PBXNativeTarget "ProtocolBasicUITests" */;
			buildPhases = (
				1BEA2836248D486F00A090C4 /* Sources */,
				1BEA2837248D486F00A090C4 /* Frameworks */,
				1BEA2838248D486F00A090C4 /* Resources */,
			);
			buildRules = (
			);
			dependencies = (
				1BEA283C248D486F00A090C4 /* PBXTargetDependency */,
			);
			name = ProtocolBasicUITests;
			productName = ProtocolBasicUITests;
			productReference = 1BEA283A248D486F00A090C4 /* ProtocolBasicUITests.xctest */;
			productType = "com.apple.product-type.bundle.ui-testing";
		};
/* End PBXNativeTarget section */

/* Begin PBXProject section */
		1BEA2811248D486E00A090C4 /* Project object */ = {
			isa = PBXProject;
			attributes = {
				LastSwiftUpdateCheck = 1150;
				LastUpgradeCheck = 1150;
				ORGANIZATIONNAME = "高野隆正";
				TargetAttributes = {
					1BEA2818248D486E00A090C4 = {
						CreatedOnToolsVersion = 11.5;
					};
					1BEA282E248D486F00A090C4 = {
						CreatedOnToolsVersion = 11.5;
						TestTargetID = 1BEA2818248D486E00A090C4;
					};
					1BEA2839248D486F00A090C4 = {
						CreatedOnToolsVersion = 11.5;
						TestTargetID = 1BEA2818248D486E00A090C4;
					};
				};
			};
			buildConfigurationList = 1BEA2814248D486E00A090C4 /* Build configuration list for PBXProject "ProtocolBasic" */;
			compatibilityVersion = "Xcode 9.3";
			developmentRegion = en;
			hasScannedForEncodings = 0;
			knownRegions = (
				en,
				Base,
			);
			mainGroup = 1BEA2810248D486E00A090C4;
			productRefGroup = 1BEA281A248D486E00A090C4 /* Products */;
			projectDirPath = "";
			projectRoot = "";
			targets = (
				1BEA2818248D486E00A090C4 /* ProtocolBasic */,
				1BEA282E248D486F00A090C4 /* ProtocolBasicTests */,
				1BEA2839248D486F00A090C4 /* ProtocolBasicUITests */,
			);
		};
/* End PBXProject section */

/* Begin PBXResourcesBuildPhase section */
		1BEA2817248D486E00A090C4 /* Resources */ = {
			isa = PBXResourcesBuildPhase;
			buildActionMask = 2147483647;
			files = (
				1BEA2829248D486F00A090C4 /* LaunchScreen.storyboard in Resources */,
				1BEA2826248D486F00A090C4 /* Assets.xcassets in Resources */,
				1BEA2824248D486E00A090C4 /* Main.storyboard in Resources */,
			);
			runOnlyForDeploymentPostprocessing = 0;
		};
		1BEA282D248D486F00A090C4 /* Resources */ = {
			isa = PBXResourcesBuildPhase;
			buildActionMask = 2147483647;
			files = (
			);
			runOnlyForDeploymentPostprocessing = 0;
		};
		1BEA2838248D486F00A090C4 /* Resources */ = {
			isa = PBXResourcesBuildPhase;
			buildActionMask = 2147483647;
			files = (
			);
			runOnlyForDeploymentPostprocessing = 0;
		};
/* End PBXResourcesBuildPhase section */

/* Begin PBXSourcesBuildPhase section */
		1BEA2815248D486E00A090C4 /* Sources */ = {
			isa = PBXSourcesBuildPhase;
			buildActionMask = 2147483647;
			files = (
				1BEA2821248D486E00A090C4 /* ViewController.swift in Sources */,
				1BEA284D248D491800A090C4 /* NextViewController.swift in Sources */,
				1BEA281D248D486E00A090C4 /* AppDelegate.swift in Sources */,
				1BEA281F248D486E00A090C4 /* SceneDelegate.swift in Sources */,
			);
			runOnlyForDeploymentPostprocessing = 0;
		};
		1BEA282B248D486F00A090C4 /* Sources */ = {
			isa = PBXSourcesBuildPhase;
			buildActionMask = 2147483647;
			files = (
				1BEA2834248D486F00A090C4 /* ProtocolBasicTests.swift in Sources */,
			);
			runOnlyForDeploymentPostprocessing = 0;
		};
		1BEA2836248D486F00A090C4 /* Sources */ = {
			isa = PBXSourcesBuildPhase;
			buildActionMask = 2147483647;
			files = (
				1BEA283F248D486F00A090C4 /* ProtocolBasicUITests.swift in Sources */,
			);
			runOnlyForDeploymentPostprocessing = 0;
		};
/* End PBXSourcesBuildPhase section */

/* Begin PBXTargetDependency section */
		1BEA2831248D486F00A090C4 /* PBXTargetDependency */ = {
			isa = PBXTargetDependency;
			target = 1BEA2818248D486E00A090C4 /* ProtocolBasic */;
			targetProxy = 1BEA2830248D486F00A090C4 /* PBXContainerItemProxy */;
		};
		1BEA283C248D486F00A090C4 /* PBXTargetDependency */ = {
			isa = PBXTargetDependency;
			target = 1BEA2818248D486E00A090C4 /* ProtocolBasic */;
			targetProxy = 1BEA283B248D486F00A090C4 /* PBXContainerItemProxy */;
		};
/* End PBXTargetDependency section */

/* Begin PBXVariantGroup section */
		1BEA2822248D486E00A090C4 /* Main.storyboard */ = {
			isa = PBXVariantGroup;
			children = (
				1BEA2823248D486E00A090C4 /* Base */,
			);
			name = Main.storyboard;
			sourceTree = "<group>";
		};
		1BEA2827248D486F00A090C4 /* LaunchScreen.storyboard */ = {
			isa = PBXVariantGroup;
			children = (
				1BEA2828248D486F00A090C4 /* Base */,
			);
			name = LaunchScreen.storyboard;
			sourceTree = "<group>";
		};
/* End PBXVariantGroup section */

/* Begin XCBuildConfiguration section */
		1BEA2841248D486F00A090C4 /* Debug */ = {
			isa = XCBuildConfiguration;
			buildSettings = {
				ALWAYS_SEARCH_USER_PATHS = NO;
				CLANG_ANALYZER_NONNULL = YES;
				CLANG_ANALYZER_NUMBER_OBJECT_CONVERSION = YES_AGGRESSIVE;
				CLANG_CXX_LANGUAGE_STANDARD = "gnu++14";
				CLANG_CXX_LIBRARY = "libc++";
				CLANG_ENABLE_MODULES = YES;
				CLANG_ENABLE_OBJC_ARC = YES;
				CLANG_ENABLE_OBJC_WEAK = YES;
				CLANG_WARN_BLOCK_CAPTURE_AUTORELEASING = YES;
				CLANG_WARN_BOOL_CONVERSION = YES;
				CLANG_WARN_COMMA = YES;
				CLANG_WARN_CONSTANT_CONVERSION = YES;
				CLANG_WARN_DEPRECATED_OBJC_IMPLEMENTATIONS = YES;
				CLANG_WARN_DIRECT_OBJC_ISA_USAGE = YES_ERROR;
				CLANG_WARN_DOCUMENTATION_COMMENTS = YES;
				CLANG_WARN_EMPTY_BODY = YES;
				CLANG_WARN_ENUM_CONVERSION = YES;
				CLANG_WARN_INFINITE_RECURSION = YES;
				CLANG_WARN_INT_CONVERSION = YES;
				CLANG_WARN_NON_LITERAL_NULL_CONVERSION = YES;
				CLANG_WARN_OBJC_IMPLICIT_RETAIN_SELF = YES;
				CLANG_WARN_OBJC_LITERAL_CONVERSION = YES;
				CLANG_WARN_OBJC_ROOT_CLASS = YES_ERROR;
				CLANG_WARN_RANGE_LOOP_ANALYSIS = YES;
				CLANG_WARN_STRICT_PROTOTYPES = YES;
				CLANG_WARN_SUSPICIOUS_MOVE = YES;
				CLANG_WARN_UNGUARDED_AVAILABILITY = YES_AGGRESSIVE;
				CLANG_WARN_UNREACHABLE_CODE = YES;
				CLANG_WARN__DUPLICATE_METHOD_MATCH = YES;
				COPY_PHASE_STRIP = NO;
				DEBUG_INFORMATION_FORMAT = dwarf;
				ENABLE_STRICT_OBJC_MSGSEND = YES;
				ENABLE_TESTABILITY = YES;
				GCC_C_LANGUAGE_STANDARD = gnu11;
				GCC_DYNAMIC_NO_PIC = NO;
				GCC_NO_COMMON_BLOCKS = YES;
				GCC_OPTIMIZATION_LEVEL = 0;
				GCC_PREPROCESSOR_DEFINITIONS = (
					"DEBUG=1",
					"$(inherited)",
				);
				GCC_WARN_64_TO_32_BIT_CONVERSION = YES;
				GCC_WARN_ABOUT_RETURN_TYPE = YES_ERROR;
				GCC_WARN_UNDECLARED_SELECTOR = YES;
				GCC_WARN_UNINITIALIZED_AUTOS = YES_AGGRESSIVE;
				GCC_WARN_UNUSED_FUNCTION = YES;
				GCC_WARN_UNUSED_VARIABLE = YES;
				IPHONEOS_DEPLOYMENT_TARGET = 13.5;
				MTL_ENABLE_DEBUG_INFO = INCLUDE_SOURCE;
				MTL_FAST_MATH = YES;
				ONLY_ACTIVE_ARCH = YES;
				SDKROOT = iphoneos;
				SWIFT_ACTIVE_COMPILATION_CONDITIONS = DEBUG;
				SWIFT_OPTIMIZATION_LEVEL = "-Onone";
			};
			name = Debug;
		};
		1BEA2842248D486F00A090C4 /* Release */ = {
			isa = XCBuildConfiguration;
			buildSettings = {
				ALWAYS_SEARCH_USER_PATHS = NO;
				CLANG_ANALYZER_NONNULL = YES;
				CLANG_ANALYZER_NUMBER_OBJECT_CONVERSION = YES_AGGRESSIVE;
				CLANG_CXX_LANGUAGE_STANDARD = "gnu++14";
				CLANG_CXX_LIBRARY = "libc++";
				CLANG_ENABLE_MODULES = YES;
				CLANG_ENABLE_OBJC_ARC = YES;
				CLANG_ENABLE_OBJC_WEAK = YES;
				CLANG_WARN_BLOCK_CAPTURE_AUTORELEASING = YES;
				CLANG_WARN_BOOL_CONVERSION = YES;
				CLANG_WARN_COMMA = YES;
				CLANG_WARN_CONSTANT_CONVERSION = YES;
				CLANG_WARN_DEPRECATED_OBJC_IMPLEMENTATIONS = YES;
				CLANG_WARN_DIRECT_OBJC_ISA_USAGE = YES_ERROR;
				CLANG_WARN_DOCUMENTATION_COMMENTS = YES;
				CLANG_WARN_EMPTY_BODY = YES;
				CLANG_WARN_ENUM_CONVERSION = YES;
				CLANG_WARN_INFINITE_RECURSION = YES;
				CLANG_WARN_INT_CONVERSION = YES;
				CLANG_WARN_NON_LITERAL_NULL_CONVERSION = YES;
				CLANG_WARN_OBJC_IMPLICIT_RETAIN_SELF = YES;
				CLANG_WARN_OBJC_LITERAL_CONVERSION = YES;
				CLANG_WARN_OBJC_ROOT_CLASS = YES_ERROR;
				CLANG_WARN_RANGE_LOOP_ANALYSIS = YES;
				CLANG_WARN_STRICT_PROTOTYPES = YES;
				CLANG_WARN_SUSPICIOUS_MOVE = YES;
				CLANG_WARN_UNGUARDED_AVAILABILITY = YES_AGGRESSIVE;
				CLANG_WARN_UNREACHABLE_CODE = YES;
				CLANG_WARN__DUPLICATE_METHOD_MATCH = YES;
				COPY_PHASE_STRIP = NO;
				DEBUG_INFORMATION_FORMAT = "dwarf-with-dsym";
				ENABLE_NS_ASSERTIONS = NO;
				ENABLE_STRICT_OBJC_MSGSEND = YES;
				GCC_C_LANGUAGE_STANDARD = gnu11;
				GCC_NO_COMMON_BLOCKS = YES;
				GCC_WARN_64_TO_32_BIT_CONVERSION = YES;
				GCC_WARN_ABOUT_RETURN_TYPE = YES_ERROR;
				GCC_WARN_UNDECLARED_SELECTOR = YES;
				GCC_WARN_UNINITIALIZED_AUTOS = YES_AGGRESSIVE;
				GCC_WARN_UNUSED_FUNCTION = YES;
				GCC_WARN_UNUSED_VARIABLE = YES;
				IPHONEOS_DEPLOYMENT_TARGET = 13.5;
				MTL_ENABLE_DEBUG_INFO = NO;
				MTL_FAST_MATH = YES;
				SDKROOT = iphoneos;
				SWIFT_COMPILATION_MODE = wholemodule;
				SWIFT_OPTIMIZATION_LEVEL = "-O";
				VALIDATE_PRODUCT = YES;
			};
			name = Release;
		};
		1BEA2844248D486F00A090C4 /* Debug */ = {
			isa = XCBuildConfiguration;
			buildSettings = {
				ASSETCATALOG_COMPILER_APPICON_NAME = AppIcon;
				CODE_SIGN_STYLE = Automatic;
				DEVELOPMENT_TEAM = 7B7GXBVG2Q;
				INFOPLIST_FILE = ProtocolBasic/Info.plist;
				LD_RUNPATH_SEARCH_PATHS = (
					"$(inherited)",
					"@executable_path/Frameworks",
				);
				PRODUCT_BUNDLE_IDENTIFIER = com.sai.ProtocolBasic;
				PRODUCT_NAME = "$(TARGET_NAME)";
				SWIFT_VERSION = 5.0;
				TARGETED_DEVICE_FAMILY = "1,2";
			};
			name = Debug;
		};
		1BEA2845248D486F00A090C4 /* Release */ = {
			isa = XCBuildConfiguration;
			buildSettings = {
				ASSETCATALOG_COMPILER_APPICON_NAME = AppIcon;
				CODE_SIGN_STYLE = Automatic;
				DEVELOPMENT_TEAM = 7B7GXBVG2Q;
				INFOPLIST_FILE = ProtocolBasic/Info.plist;
				LD_RUNPATH_SEARCH_PATHS = (
					"$(inherited)",
					"@executable_path/Frameworks",
				);
				PRODUCT_BUNDLE_IDENTIFIER = com.sai.ProtocolBasic;
				PRODUCT_NAME = "$(TARGET_NAME)";
				SWIFT_VERSION = 5.0;
				TARGETED_DEVICE_FAMILY = "1,2";
			};
			name = Release;
		};
		1BEA2847248D486F00A090C4 /* Debug */ = {
			isa = XCBuildConfiguration;
			buildSettings = {
				ALWAYS_EMBED_SWIFT_STANDARD_LIBRARIES = YES;
				BUNDLE_LOADER = "$(TEST_HOST)";
				CODE_SIGN_STYLE = Automatic;
				DEVELOPMENT_TEAM = 7B7GXBVG2Q;
				INFOPLIST_FILE = ProtocolBasicTests/Info.plist;
				IPHONEOS_DEPLOYMENT_TARGET = 13.5;
				LD_RUNPATH_SEARCH_PATHS = (
					"$(inherited)",
					"@executable_path/Frameworks",
					"@loader_path/Frameworks",
				);
				PRODUCT_BUNDLE_IDENTIFIER = com.sai.ProtocolBasicTests;
				PRODUCT_NAME = "$(TARGET_NAME)";
				SWIFT_VERSION = 5.0;
				TARGETED_DEVICE_FAMILY = "1,2";
				TEST_HOST = "$(BUILT_PRODUCTS_DIR)/ProtocolBasic.app/ProtocolBasic";
			};
			name = Debug;
		};
		1BEA2848248D486F00A090C4 /* Release */ = {
			isa = XCBuildConfiguration;
			buildSettings = {
				ALWAYS_EMBED_SWIFT_STANDARD_LIBRARIES = YES;
				BUNDLE_LOADER = "$(TEST_HOST)";
				CODE_SIGN_STYLE = Automatic;
				DEVELOPMENT_TEAM = 7B7GXBVG2Q;
				INFOPLIST_FILE = ProtocolBasicTests/Info.plist;
				IPHONEOS_DEPLOYMENT_TARGET = 13.5;
				LD_RUNPATH_SEARCH_PATHS = (
					"$(inherited)",
					"@executable_path/Frameworks",
					"@loader_path/Frameworks",
				);
				PRODUCT_BUNDLE_IDENTIFIER = com.sai.ProtocolBasicTests;
				PRODUCT_NAME = "$(TARGET_NAME)";
				SWIFT_VERSION = 5.0;
				TARGETED_DEVICE_FAMILY = "1,2";
				TEST_HOST = "$(BUILT_PRODUCTS_DIR)/ProtocolBasic.app/ProtocolBasic";
			};
			name = Release;
		};
		1BEA284A248D486F00A090C4 /* Debug */ = {
			isa = XCBuildConfiguration;
			buildSettings = {
				ALWAYS_EMBED_SWIFT_STANDARD_LIBRARIES = YES;
				CODE_SIGN_STYLE = Automatic;
				DEVELOPMENT_TEAM = 7B7GXBVG2Q;
				INFOPLIST_FILE = ProtocolBasicUITests/Info.plist;
				LD_RUNPATH_SEARCH_PATHS = (
					"$(inherited)",
					"@executable_path/Frameworks",
					"@loader_path/Frameworks",
				);
				PRODUCT_BUNDLE_IDENTIFIER = com.sai.ProtocolBasicUITests;
				PRODUCT_NAME = "$(TARGET_NAME)";
				SWIFT_VERSION = 5.0;
				TARGETED_DEVICE_FAMILY = "1,2";
				TEST_TARGET_NAME = ProtocolBasic;
			};
			name = Debug;
		};
		1BEA284B248D486F00A090C4 /* Release */ = {
			isa = XCBuildConfiguration;
			buildSettings = {
				ALWAYS_EMBED_SWIFT_STANDARD_LIBRARIES = YES;
				CODE_SIGN_STYLE = Automatic;
				DEVELOPMENT_TEAM = 7B7GXBVG2Q;
				INFOPLIST_FILE = ProtocolBasicUITests/Info.plist;
				LD_RUNPATH_SEARCH_PATHS = (
					"$(inherited)",
					"@executable_path/Frameworks",
					"@loader_path/Frameworks",
				);
				PRODUCT_BUNDLE_IDENTIFIER = com.sai.ProtocolBasicUITests;
				PRODUCT_NAME = "$(TARGET_NAME)";
				SWIFT_VERSION = 5.0;
				TARGETED_DEVICE_FAMILY = "1,2";
				TEST_TARGET_NAME = ProtocolBasic;
			};
			name = Release;
		};
/* End XCBuildConfiguration section */

/* Begin XCConfigurationList section */
		1BEA2814248D486E00A090C4 /* Build configuration list for PBXProject "ProtocolBasic" */ = {
			isa = XCConfigurationList;
			buildConfigurations = (
				1BEA2841248D486F00A090C4 /* Debug */,
				1BEA2842248D486F00A090C4 /* Release */,
			);
			defaultConfigurationIsVisible = 0;
			defaultConfigurationName = Release;
		};
		1BEA2843248D486F00A090C4 /* Build configuration list for PBXNativeTarget "ProtocolBasic" */ = {
			isa = XCConfigurationList;
			buildConfigurations = (
				1BEA2844248D486F00A090C4 /* Debug */,
				1BEA2845248D486F00A090C4 /* Release */,
			);
			defaultConfigurationIsVisible = 0;
			defaultConfigurationName = Release;
		};
		1BEA2846248D486F00A090C4 /* Build configuration list for PBXNativeTarget "ProtocolBasicTests" */ = {
			isa = XCConfigurationList;
			buildConfigurations = (
				1BEA2847248D486F00A090C4 /* Debug */,
				1BEA2848248D486F00A090C4 /* Release */,
			);
			defaultConfigurationIsVisible = 0;
			defaultConfigurationName = Release;
		};
		1BEA2849248D486F00A090C4 /* Build configuration list for PBXNativeTarget "ProtocolBasicUITests" */ = {
			isa = XCConfigurationList;
			buildConfigurations = (
				1BEA284A248D486F00A090C4 /* Debug */,
				1BEA284B248D486F00A090C4 /* Release */,
			);
			defaultConfigurationIsVisible = 0;
			defaultConfigurationName = Release;
		};
/* End XCConfigurationList section */
	};
	rootObject = 1BEA2811248D486E00A090C4 /* Project object */;
}
